
Microsoft Visual Studio Solution File, Format Version 12.00
# Visual Studio Version 17
VisualStudioVersion = 17.7.34003.232
MinimumVisualStudioVersion = 10.0.40219.1
Project("{FAE04EC0-301F-11D3-BF4B-00C04F79EFBC}") = "projeto_clientes", "projeto_clientes.csproj", "{CDFDC785-F1EF-4DB0-95F0-D442D4563729}"
EndProject
Global
	GlobalSection(SolutionConfigurationPlatforms) = preSolution
		Debug|Any CPU = Debug|Any CPU
		Release|Any CPU = Release|Any CPU
	EndGlobalSection
	GlobalSection(ProjectConfigurationPlatforms) = postSolution
		{CDFDC785-F1EF-4DB0-95F0-D442D4563729}.Debug|Any CPU.ActiveCfg = Debug|Any CPU
		{CDFDC785-F1EF-4DB0-95F0-D442D4563729}.Debug|Any CPU.Build.0 = Debug|Any CPU
		{CDFDC785-F1EF-4DB0-95F0-D442D4563729}.Release|Any CPU.ActiveCfg = Release|Any CPU
		{CDFDC785-F1EF-4DB0-95F0-D442D4563729}.Release|Any CPU.Build.0 = Release|Any CPU
	EndGlobalSection
	GlobalSection(SolutionProperties) = preSolution
		HideSolutionNode = FALSE
	EndGlobalSection
	GlobalSection(ExtensibilityGlobals) = postSolution
		SolutionGuid = {603934AE-479B-461A-A6E8-E3311C5A64AB}
	EndGlobalSection
EndGlobal
